{
  "originHash" : "242e84dfd41ccd9620974a2844773c8fef5342d97f6e2eb2852bd0a91389a07a",
  "pins" : [
    {
      "identity" : "alamofire",
      "kind" : "remoteSourceControl",
      "location" : "https://github.com/Alamofire/Alamofire.git",
      "state" : {
        "revision" : "f455c2975872ccd2d9c81594c658af65716e9b9a",
        "version" : "5.9.1"
      }
    },
    {
      "identity" : "reachability.swift",
      "kind" : "remoteSourceControl",
      "location" : "https://github.com/ashleymills/Reachability.swift.git",
      "state" : {
        "branch" : "master",
        "revision" : "7cbd73f46a7dfaeca079e18df7324c6de6d1834a"
      }
    }
  ],
  "version" : 3
}
