// !$*UTF8*$!
{
	archiveVersion = 1;
	classes = {
	};
	objectVersion = 77;
	objects = {

/* Begin PBXBuildFile section */
		581E23942C9C708D0085EEF8 /* Alamofire in Frameworks */ = {isa = PBXBuildFile; productRef = 581E23932C9C708D0085EEF8 /* Alamofire */; };
		582C94862CA1CBA800706C62 /* SDWebImageSwiftUI in Frameworks */ = {isa = PBXBuildFile; productRef = 582C94852CA1CBA800706C62 /* SDWebImageSwiftUI */; };
/* End PBXBuildFile section */

/* Begin PBXContainerItemProxy section */
		581E233B2C9BBDB80085EEF8 /* PBXContainerItemProxy */ = {
			isa = PBXContainerItemProxy;
			containerPortal = 581E23222C9BBDB70085EEF8 /* Project object */;
			proxyType = 1;
			remoteGlobalIDString = 581E23292C9BBDB70085EEF8;
			remoteInfo = LaskNews;
		};
		581E23452C9BBDB80085EEF8 /* PBXContainerItemProxy */ = {
			isa = PBXContainerItemProxy;
			containerPortal = 581E23222C9BBDB70085EEF8 /* Project object */;
			proxyType = 1;
			remoteGlobalIDString = 581E23292C9BBDB70085EEF8;
			remoteInfo = LaskNews;
		};
/* End PBXContainerItemProxy section */

/* Begin PBXFileReference section */
		581E232A2C9BBDB70085EEF8 /* LaskNews.app */ = {isa = PBXFileReference; explicitFileType = wrapper.application; includeInIndex = 0; path = LaskNews.app; sourceTree = BUILT_PRODUCTS_DIR; };
		581E233A2C9BBDB80085EEF8 /* LaskNewsTests.xctest */ = {isa = PBXFileReference; explicitFileType = wrapper.cfbundle; includeInIndex = 0; path = LaskNewsTests.xctest; sourceTree = BUILT_PRODUCTS_DIR; };
		581E23442C9BBDB80085EEF8 /* LaskNewsUITests.xctest */ = {isa = PBXFileReference; explicitFileType = wrapper.cfbundle; includeInIndex = 0; path = LaskNewsUITests.xctest; sourceTree = BUILT_PRODUCTS_DIR; };
/* End PBXFileReference section */

/* Begin PBXFileSystemSynchronizedBuildFileExceptionSet section */
		581E238C2C9BE9FC0085EEF8 /* Exceptions for "LaskNews" folder in "LaskNews" target */ = {
			isa = PBXFileSystemSynchronizedBuildFileExceptionSet;
			membershipExceptions = (
				Info.plist,
			);
			target = 581E23292C9BBDB70085EEF8 /* LaskNews */;
		};
/* End PBXFileSystemSynchronizedBuildFileExceptionSet section */

/* Begin PBXFileSystemSynchronizedRootGroup section */
		581E232C2C9BBDB70085EEF8 /* LaskNews */ = {
			isa = PBXFileSystemSynchronizedRootGroup;
			exceptions = (
				581E238C2C9BE9FC0085EEF8 /* Exceptions for "LaskNews" folder in "LaskNews" target */,
			);
			path = LaskNews;
			sourceTree = "<group>";
		};
		581E233D2C9BBDB80085EEF8 /* LaskNewsTests */ = {
			isa = PBXFileSystemSynchronizedRootGroup;
			path = LaskNewsTests;
			sourceTree = "<group>";
		};
		581E23472C9BBDB80085EEF8 /* LaskNewsUITests */ = {
			isa = PBXFileSystemSynchronizedRootGroup;
			path = LaskNewsUITests;
			sourceTree = "<group>";
		};
/* End PBXFileSystemSynchronizedRootGroup section */

/* Begin PBXFrameworksBuildPhase section */
		581E23272C9BBDB70085EEF8 /* Frameworks */ = {
			isa = PBXFrameworksBuildPhase;
			buildActionMask = 2147483647;
			files = (
				582C94862CA1CBA800706C62 /* SDWebImageSwiftUI in Frameworks */,
				581E23942C9C708D0085EEF8 /* Alamofire in Frameworks */,
			);
			runOnlyForDeploymentPostprocessing = 0;
		};
		581E23372C9BBDB80085EEF8 /* Frameworks */ = {
			isa = PBXFrameworksBuildPhase;
			buildActionMask = 2147483647;
			files = (
			);
			runOnlyForDeploymentPostprocessing = 0;
		};
		581E23412C9BBDB80085EEF8 /* Frameworks */ = {
			isa = PBXFrameworksBuildPhase;
			buildActionMask = 2147483647;
			files = (
			);
			runOnlyForDeploymentPostprocessing = 0;
		};
/* End PBXFrameworksBuildPhase section */

/* Begin PBXGroup section */
		581E23212C9BBDB70085EEF8 = {
			isa = PBXGroup;
			children = (
				581E232C2C9BBDB70085EEF8 /* LaskNews */,
				581E233D2C9BBDB80085EEF8 /* LaskNewsTests */,
				581E23472C9BBDB80085EEF8 /* LaskNewsUITests */,
				581E232B2C9BBDB70085EEF8 /* Products */,
			);
			sourceTree = "<group>";
		};
		581E232B2C9BBDB70085EEF8 /* Products */ = {
			isa = PBXGroup;
			children = (
				581E232A2C9BBDB70085EEF8 /* LaskNews.app */,
				581E233A2C9BBDB80085EEF8 /* LaskNewsTests.xctest */,
				581E23442C9BBDB80085EEF8 /* LaskNewsUITests.xctest */,
			);
			name = Products;
			sourceTree = "<group>";
		};
/* End PBXGroup section */

/* Begin PBXNativeTarget section */
		581E23292C9BBDB70085EEF8 /* LaskNews */ = {
			isa = PBXNativeTarget;
			buildConfigurationList = 581E234E2C9BBDB80085EEF8 /* Build configuration list for PBXNativeTarget "LaskNews" */;
			buildPhases = (
				581E23262C9BBDB70085EEF8 /* Sources */,
				581E23272C9BBDB70085EEF8 /* Frameworks */,
				581E23282C9BBDB70085EEF8 /* Resources */,
			);
			buildRules = (
			);
			dependencies = (
			);
			fileSystemSynchronizedGroups = (
				581E232C2C9BBDB70085EEF8 /* LaskNews */,
			);
			name = LaskNews;
			packageProductDependencies = (
				581E23932C9C708D0085EEF8 /* Alamofire */,
				582C94852CA1CBA800706C62 /* SDWebImageSwiftUI */,
			);
			productName = LaskNews;
			productReference = 581E232A2C9BBDB70085EEF8 /* LaskNews.app */;
			productType = "com.apple.product-type.application";
		};
		581E23392C9BBDB80085EEF8 /* LaskNewsTests */ = {
			isa = PBXNativeTarget;
			buildConfigurationList = 581E23512C9BBDB80085EEF8 /* Build configuration list for PBXNativeTarget "LaskNewsTests" */;
			buildPhases = (
				581E23362C9BBDB80085EEF8 /* Sources */,
				581E23372C9BBDB80085EEF8 /* Frameworks */,
				581E23382C9BBDB80085EEF8 /* Resources */,
			);
			buildRules = (
			);
			dependencies = (
				581E233C2C9BBDB80085EEF8 /* PBXTargetDependency */,
			);
			fileSystemSynchronizedGroups = (
				581E233D2C9BBDB80085EEF8 /* LaskNewsTests */,
			);
			name = LaskNewsTests;
			packageProductDependencies = (
			);
			productName = LaskNewsTests;
			productReference = 581E233A2C9BBDB80085EEF8 /* LaskNewsTests.xctest */;
			productType = "com.apple.product-type.bundle.unit-test";
		};
		581E23432C9BBDB80085EEF8 /* LaskNewsUITests */ = {
			isa = PBXNativeTarget;
			buildConfigurationList = 581E23542C9BBDB80085EEF8 /* Build configuration list for PBXNativeTarget "LaskNewsUITests" */;
			buildPhases = (
				581E23402C9BBDB80085EEF8 /* Sources */,
				581E23412C9BBDB80085EEF8 /* Frameworks */,
				581E23422C9BBDB80085EEF8 /* Resources */,
			);
			buildRules = (
			);
			dependencies = (
				581E23462C9BBDB80085EEF8 /* PBXTargetDependency */,
			);
			fileSystemSynchronizedGroups = (
				581E23472C9BBDB80085EEF8 /* LaskNewsUITests */,
			);
			name = LaskNewsUITests;
			packageProductDependencies = (
			);
			productName = LaskNewsUITests;
			productReference = 581E23442C9BBDB80085EEF8 /* LaskNewsUITests.xctest */;
			productType = "com.apple.product-type.bundle.ui-testing";
		};
/* End PBXNativeTarget section */

/* Begin PBXProject section */
		581E23222C9BBDB70085EEF8 /* Project object */ = {
			isa = PBXProject;
			attributes = {
				BuildIndependentTargetsInParallel = 1;
				LastSwiftUpdateCheck = 1600;
				LastUpgradeCheck = 1600;
				TargetAttributes = {
					581E23292C9BBDB70085EEF8 = {
						CreatedOnToolsVersion = 16.0;
					};
					581E23392C9BBDB80085EEF8 = {
						CreatedOnToolsVersion = 16.0;
						TestTargetID = 581E23292C9BBDB70085EEF8;
					};
					581E23432C9BBDB80085EEF8 = {
						CreatedOnToolsVersion = 16.0;
						TestTargetID = 581E23292C9BBDB70085EEF8;
					};
				};
			};
			buildConfigurationList = 581E23252C9BBDB70085EEF8 /* Build configuration list for PBXProject "LaskNews" */;
			developmentRegion = en;
			hasScannedForEncodings = 0;
			knownRegions = (
				en,
				Base,
			);
			mainGroup = 581E23212C9BBDB70085EEF8;
			minimizedProjectReferenceProxies = 1;
			packageReferences = (
				581E23922C9C708D0085EEF8 /* XCRemoteSwiftPackageReference "Alamofire" */,
				582C94842CA1CBA800706C62 /* XCRemoteSwiftPackageReference "SDWebImageSwiftUI" */,
			);
			preferredProjectObjectVersion = 77;
			productRefGroup = 581E232B2C9BBDB70085EEF8 /* Products */;
			projectDirPath = "";
			projectRoot = "";
			targets = (
				581E23292C9BBDB70085EEF8 /* LaskNews */,
				581E23392C9BBDB80085EEF8 /* LaskNewsTests */,
				581E23432C9BBDB80085EEF8 /* LaskNewsUITests */,
			);
		};
/* End PBXProject section */

/* Begin PBXResourcesBuildPhase section */
		581E23282C9BBDB70085EEF8 /* Resources */ = {
			isa = PBXResourcesBuildPhase;
			buildActionMask = 2147483647;
			files = (
			);
			runOnlyForDeploymentPostprocessing = 0;
		};
		581E23382C9BBDB80085EEF8 /* Resources */ = {
			isa = PBXResourcesBuildPhase;
			buildActionMask = 2147483647;
			files = (
			);
			runOnlyForDeploymentPostprocessing = 0;
		};
		581E23422C9BBDB80085EEF8 /* Resources */ = {
			isa = PBXResourcesBuildPhase;
			buildActionMask = 2147483647;
			files = (
			);
			runOnlyForDeploymentPostprocessing = 0;
		};
/* End PBXResourcesBuildPhase section */

/* Begin PBXSourcesBuildPhase section */
		581E23262C9BBDB70085EEF8 /* Sources */ = {
			isa = PBXSourcesBuildPhase;
			buildActionMask = 2147483647;
			files = (
			);
			runOnlyForDeploymentPostprocessing = 0;
		};
		581E23362C9BBDB80085EEF8 /* Sources */ = {
			isa = PBXSourcesBuildPhase;
			buildActionMask = 2147483647;
			files = (
			);
			runOnlyForDeploymentPostprocessing = 0;
		};
		581E23402C9BBDB80085EEF8 /* Sources */ = {
			isa = PBXSourcesBuildPhase;
			buildActionMask = 2147483647;
			files = (
			);
			runOnlyForDeploymentPostprocessing = 0;
		};
/* End PBXSourcesBuildPhase section */

/* Begin PBXTargetDependency section */
		581E233C2C9BBDB80085EEF8 /* PBXTargetDependency */ = {
			isa = PBXTargetDependency;
			target = 581E23292C9BBDB70085EEF8 /* LaskNews */;
			targetProxy = 581E233B2C9BBDB80085EEF8 /* PBXContainerItemProxy */;
		};
		581E23462C9BBDB80085EEF8 /* PBXTargetDependency */ = {
			isa = PBXTargetDependency;
			target = 581E23292C9BBDB70085EEF8 /* LaskNews */;
			targetProxy = 581E23452C9BBDB80085EEF8 /* PBXContainerItemProxy */;
		};
/* End PBXTargetDependency section */

/* Begin XCBuildConfiguration section */
		581E234C2C9BBDB80085EEF8 /* Debug */ = {
			isa = XCBuildConfiguration;
			buildSettings = {
				ALWAYS_SEARCH_USER_PATHS = NO;
				ASSETCATALOG_COMPILER_GENERATE_SWIFT_ASSET_SYMBOL_EXTENSIONS = YES;
				CLANG_ANALYZER_NONNULL = YES;
				CLANG_ANALYZER_NUMBER_OBJECT_CONVERSION = YES_AGGRESSIVE;
				CLANG_CXX_LANGUAGE_STANDARD = "gnu++20";
				CLANG_ENABLE_MODULES = YES;
				CLANG_ENABLE_OBJC_ARC = YES;
				CLANG_ENABLE_OBJC_WEAK = YES;
				CLANG_WARN_BLOCK_CAPTURE_AUTORELEASING = YES;
				CLANG_WARN_BOOL_CONVERSION = YES;
				CLANG_WARN_COMMA = YES;
				CLANG_WARN_CONSTANT_CONVERSION = YES;
				CLANG_WARN_DEPRECATED_OBJC_IMPLEMENTATIONS = YES;
				CLANG_WARN_DIRECT_OBJC_ISA_USAGE = YES_ERROR;
				CLANG_WARN_DOCUMENTATION_COMMENTS = YES;
				CLANG_WARN_EMPTY_BODY = YES;
				CLANG_WARN_ENUM_CONVERSION = YES;
				CLANG_WARN_INFINITE_RECURSION = YES;
				CLANG_WARN_INT_CONVERSION = YES;
				CLANG_WARN_NON_LITERAL_NULL_CONVERSION = YES;
				CLANG_WARN_OBJC_IMPLICIT_RETAIN_SELF = YES;
				CLANG_WARN_OBJC_LITERAL_CONVERSION = YES;
				CLANG_WARN_OBJC_ROOT_CLASS = YES_ERROR;
				CLANG_WARN_QUOTED_INCLUDE_IN_FRAMEWORK_HEADER = YES;
				CLANG_WARN_RANGE_LOOP_ANALYSIS = YES;
				CLANG_WARN_STRICT_PROTOTYPES = YES;
				CLANG_WARN_SUSPICIOUS_MOVE = YES;
				CLANG_WARN_UNGUARDED_AVAILABILITY = YES_AGGRESSIVE;
				CLANG_WARN_UNREACHABLE_CODE = YES;
				CLANG_WARN__DUPLICATE_METHOD_MATCH = YES;
				COPY_PHASE_STRIP = NO;
				DEBUG_INFORMATION_FORMAT = dwarf;
				ENABLE_STRICT_OBJC_MSGSEND = YES;
				ENABLE_TESTABILITY = YES;
				ENABLE_USER_SCRIPT_SANDBOXING = YES;
				GCC_C_LANGUAGE_STANDARD = gnu17;
				GCC_DYNAMIC_NO_PIC = NO;
				GCC_NO_COMMON_BLOCKS = YES;
				GCC_OPTIMIZATION_LEVEL = 0;
				GCC_PREPROCESSOR_DEFINITIONS = (
					"DEBUG=1",
					"$(inherited)",
				);
				GCC_WARN_64_TO_32_BIT_CONVERSION = YES;
				GCC_WARN_ABOUT_RETURN_TYPE = YES_ERROR;
				GCC_WARN_UNDECLARED_SELECTOR = YES;
				GCC_WARN_UNINITIALIZED_AUTOS = YES_AGGRESSIVE;
				GCC_WARN_UNUSED_FUNCTION = YES;
				GCC_WARN_UNUSED_VARIABLE = YES;
				IPHONEOS_DEPLOYMENT_TARGET = 18.0;
				LOCALIZATION_PREFERS_STRING_CATALOGS = YES;
				MTL_ENABLE_DEBUG_INFO = INCLUDE_SOURCE;
				MTL_FAST_MATH = YES;
				ONLY_ACTIVE_ARCH = YES;
				SDKROOT = iphoneos;
				SWIFT_ACTIVE_COMPILATION_CONDITIONS = "DEBUG $(inherited)";
				SWIFT_EMIT_LOC_STRINGS = YES;
				SWIFT_OPTIMIZATION_LEVEL = "-Onone";
			};
			name = Debug;
		};
		581E234D2C9BBDB80085EEF8 /* Release */ = {
			isa = XCBuildConfiguration;
			buildSettings = {
				ALWAYS_SEARCH_USER_PATHS = NO;
				ASSETCATALOG_COMPILER_GENERATE_SWIFT_ASSET_SYMBOL_EXTENSIONS = YES;
				CLANG_ANALYZER_NONNULL = YES;
				CLANG_ANALYZER_NUMBER_OBJECT_CONVERSION = YES_AGGRESSIVE;
				CLANG_CXX_LANGUAGE_STANDARD = "gnu++20";
				CLANG_ENABLE_MODULES = YES;
				CLANG_ENABLE_OBJC_ARC = YES;
				CLANG_ENABLE_OBJC_WEAK = YES;
				CLANG_WARN_BLOCK_CAPTURE_AUTORELEASING = YES;
				CLANG_WARN_BOOL_CONVERSION = YES;
				CLANG_WARN_COMMA = YES;
				CLANG_WARN_CONSTANT_CONVERSION = YES;
				CLANG_WARN_DEPRECATED_OBJC_IMPLEMENTATIONS = YES;
				CLANG_WARN_DIRECT_OBJC_ISA_USAGE = YES_ERROR;
				CLANG_WARN_DOCUMENTATION_COMMENTS = YES;
				CLANG_WARN_EMPTY_BODY = YES;
				CLANG_WARN_ENUM_CONVERSION = YES;
				CLANG_WARN_INFINITE_RECURSION = YES;
				CLANG_WARN_INT_CONVERSION = YES;
				CLANG_WARN_NON_LITERAL_NULL_CONVERSION = YES;
				CLANG_WARN_OBJC_IMPLICIT_RETAIN_SELF = YES;
				CLANG_WARN_OBJC_LITERAL_CONVERSION = YES;
				CLANG_WARN_OBJC_ROOT_CLASS = YES_ERROR;
				CLANG_WARN_QUOTED_INCLUDE_IN_FRAMEWORK_HEADER = YES;
				CLANG_WARN_RANGE_LOOP_ANALYSIS = YES;
				CLANG_WARN_STRICT_PROTOTYPES = YES;
				CLANG_WARN_SUSPICIOUS_MOVE = YES;
				CLANG_WARN_UNGUARDED_AVAILABILITY = YES_AGGRESSIVE;
				CLANG_WARN_UNREACHABLE_CODE = YES;
				CLANG_WARN__DUPLICATE_METHOD_MATCH = YES;
				COPY_PHASE_STRIP = NO;
				DEBUG_INFORMATION_FORMAT = "dwarf-with-dsym";
				ENABLE_NS_ASSERTIONS = NO;
				ENABLE_STRICT_OBJC_MSGSEND = YES;
				ENABLE_USER_SCRIPT_SANDBOXING = YES;
				GCC_C_LANGUAGE_STANDARD = gnu17;
				GCC_NO_COMMON_BLOCKS = YES;
				GCC_WARN_64_TO_32_BIT_CONVERSION = YES;
				GCC_WARN_ABOUT_RETURN_TYPE = YES_ERROR;
				GCC_WARN_UNDECLARED_SELECTOR = YES;
				GCC_WARN_UNINITIALIZED_AUTOS = YES_AGGRESSIVE;
				GCC_WARN_UNUSED_FUNCTION = YES;
				GCC_WARN_UNUSED_VARIABLE = YES;
				IPHONEOS_DEPLOYMENT_TARGET = 18.0;
				LOCALIZATION_PREFERS_STRING_CATALOGS = YES;
				MTL_ENABLE_DEBUG_INFO = NO;
				MTL_FAST_MATH = YES;
				SDKROOT = iphoneos;
				SWIFT_COMPILATION_MODE = wholemodule;
				SWIFT_EMIT_LOC_STRINGS = YES;
				VALIDATE_PRODUCT = YES;
			};
			name = Release;
		};
		581E234F2C9BBDB80085EEF8 /* Debug */ = {
			isa = XCBuildConfiguration;
			buildSettings = {
				ASSETCATALOG_COMPILER_APPICON_NAME = AppIcon;
				ASSETCATALOG_COMPILER_GLOBAL_ACCENT_COLOR_NAME = AccentColor;
				CODE_SIGN_STYLE = Automatic;
				CURRENT_PROJECT_VERSION = 1;
				DEVELOPMENT_ASSET_PATHS = "\"LaskNews/Preview Content\"";
				ENABLE_PREVIEWS = YES;
				GENERATE_INFOPLIST_FILE = YES;
				INFOPLIST_FILE = LaskNews/Info.plist;
				INFOPLIST_KEY_UIApplicationSceneManifest_Generation = YES;
				INFOPLIST_KEY_UIApplicationSupportsIndirectInputEvents = YES;
				INFOPLIST_KEY_UILaunchScreen_Generation = YES;
				INFOPLIST_KEY_UISupportedInterfaceOrientations_iPad = "UIInterfaceOrientationPortrait UIInterfaceOrientationPortraitUpsideDown UIInterfaceOrientationLandscapeLeft UIInterfaceOrientationLandscapeRight";
				INFOPLIST_KEY_UISupportedInterfaceOrientations_iPhone = "UIInterfaceOrientationPortrait UIInterfaceOrientationLandscapeLeft UIInterfaceOrientationLandscapeRight";
				LD_RUNPATH_SEARCH_PATHS = (
					"$(inherited)",
					"@executable_path/Frameworks",
				);
				MARKETING_VERSION = 1.0;
				PRODUCT_BUNDLE_IDENTIFIER = PAM.LaskNews;
				PRODUCT_NAME = "$(TARGET_NAME)";
				SWIFT_EMIT_LOC_STRINGS = YES;
				SWIFT_VERSION = 5.0;
				TARGETED_DEVICE_FAMILY = "1,2";
			};
			name = Debug;
		};
		581E23502C9BBDB80085EEF8 /* Release */ = {
			isa = XCBuildConfiguration;
			buildSettings = {
				ASSETCATALOG_COMPILER_APPICON_NAME = AppIcon;
				ASSETCATALOG_COMPILER_GLOBAL_ACCENT_COLOR_NAME = AccentColor;
				CODE_SIGN_STYLE = Automatic;
				CURRENT_PROJECT_VERSION = 1;
				DEVELOPMENT_ASSET_PATHS = "\"LaskNews/Preview Content\"";
				ENABLE_PREVIEWS = YES;
				GENERATE_INFOPLIST_FILE = YES;
				INFOPLIST_FILE = LaskNews/Info.plist;
				INFOPLIST_KEY_UIApplicationSceneManifest_Generation = YES;
				INFOPLIST_KEY_UIApplicationSupportsIndirectInputEvents = YES;
				INFOPLIST_KEY_UILaunchScreen_Generation = YES;
				INFOPLIST_KEY_UISupportedInterfaceOrientations_iPad = "UIInterfaceOrientationPortrait UIInterfaceOrientationPortraitUpsideDown UIInterfaceOrientationLandscapeLeft UIInterfaceOrientationLandscapeRight";
				INFOPLIST_KEY_UISupportedInterfaceOrientations_iPhone = "UIInterfaceOrientationPortrait UIInterfaceOrientationLandscapeLeft UIInterfaceOrientationLandscapeRight";
				LD_RUNPATH_SEARCH_PATHS = (
					"$(inherited)",
					"@executable_path/Frameworks",
				);
				MARKETING_VERSION = 1.0;
				PRODUCT_BUNDLE_IDENTIFIER = PAM.LaskNews;
				PRODUCT_NAME = "$(TARGET_NAME)";
				SWIFT_EMIT_LOC_STRINGS = YES;
				SWIFT_VERSION = 5.0;
				TARGETED_DEVICE_FAMILY = "1,2";
			};
			name = Release;
		};
		581E23522C9BBDB80085EEF8 /* Debug */ = {
			isa = XCBuildConfiguration;
			buildSettings = {
				BUNDLE_LOADER = "$(TEST_HOST)";
				CODE_SIGN_STYLE = Automatic;
				CURRENT_PROJECT_VERSION = 1;
				GENERATE_INFOPLIST_FILE = YES;
				IPHONEOS_DEPLOYMENT_TARGET = 18.0;
				MARKETING_VERSION = 1.0;
				PRODUCT_BUNDLE_IDENTIFIER = PAM.LaskNewsTests;
				PRODUCT_NAME = "$(TARGET_NAME)";
				SWIFT_EMIT_LOC_STRINGS = NO;
				SWIFT_VERSION = 5.0;
				TARGETED_DEVICE_FAMILY = "1,2";
				TEST_HOST = "$(BUILT_PRODUCTS_DIR)/LaskNews.app/$(BUNDLE_EXECUTABLE_FOLDER_PATH)/LaskNews";
			};
			name = Debug;
		};
		581E23532C9BBDB80085EEF8 /* Release */ = {
			isa = XCBuildConfiguration;
			buildSettings = {
				BUNDLE_LOADER = "$(TEST_HOST)";
				CODE_SIGN_STYLE = Automatic;
				CURRENT_PROJECT_VERSION = 1;
				GENERATE_INFOPLIST_FILE = YES;
				IPHONEOS_DEPLOYMENT_TARGET = 18.0;
				MARKETING_VERSION = 1.0;
				PRODUCT_BUNDLE_IDENTIFIER = PAM.LaskNewsTests;
				PRODUCT_NAME = "$(TARGET_NAME)";
				SWIFT_EMIT_LOC_STRINGS = NO;
				SWIFT_VERSION = 5.0;
				TARGETED_DEVICE_FAMILY = "1,2";
				TEST_HOST = "$(BUILT_PRODUCTS_DIR)/LaskNews.app/$(BUNDLE_EXECUTABLE_FOLDER_PATH)/LaskNews";
			};
			name = Release;
		};
		581E23552C9BBDB80085EEF8 /* Debug */ = {
			isa = XCBuildConfiguration;
			buildSettings = {
				CODE_SIGN_STYLE = Automatic;
				CURRENT_PROJECT_VERSION = 1;
				GENERATE_INFOPLIST_FILE = YES;
				MARKETING_VERSION = 1.0;
				PRODUCT_BUNDLE_IDENTIFIER = PAM.LaskNewsUITests;
				PRODUCT_NAME = "$(TARGET_NAME)";
				SWIFT_EMIT_LOC_STRINGS = NO;
				SWIFT_VERSION = 5.0;
				TARGETED_DEVICE_FAMILY = "1,2";
				TEST_TARGET_NAME = LaskNews;
			};
			name = Debug;
		};
		581E23562C9BBDB80085EEF8 /* Release */ = {
			isa = XCBuildConfiguration;
			buildSettings = {
				CODE_SIGN_STYLE = Automatic;
				CURRENT_PROJECT_VERSION = 1;
				GENERATE_INFOPLIST_FILE = YES;
				MARKETING_VERSION = 1.0;
				PRODUCT_BUNDLE_IDENTIFIER = PAM.LaskNewsUITests;
				PRODUCT_NAME = "$(TARGET_NAME)";
				SWIFT_EMIT_LOC_STRINGS = NO;
				SWIFT_VERSION = 5.0;
				TARGETED_DEVICE_FAMILY = "1,2";
				TEST_TARGET_NAME = LaskNews;
			};
			name = Release;
		};
/* End XCBuildConfiguration section */

/* Begin XCConfigurationList section */
		581E23252C9BBDB70085EEF8 /* Build configuration list for PBXProject "LaskNews" */ = {
			isa = XCConfigurationList;
			buildConfigurations = (
				581E234C2C9BBDB80085EEF8 /* Debug */,
				581E234D2C9BBDB80085EEF8 /* Release */,
			);
			defaultConfigurationIsVisible = 0;
			defaultConfigurationName = Release;
		};
		581E234E2C9BBDB80085EEF8 /* Build configuration list for PBXNativeTarget "LaskNews" */ = {
			isa = XCConfigurationList;
			buildConfigurations = (
				581E234F2C9BBDB80085EEF8 /* Debug */,
				581E23502C9BBDB80085EEF8 /* Release */,
			);
			defaultConfigurationIsVisible = 0;
			defaultConfigurationName = Release;
		};
		581E23512C9BBDB80085EEF8 /* Build configuration list for PBXNativeTarget "LaskNewsTests" */ = {
			isa = XCConfigurationList;
			buildConfigurations = (
				581E23522C9BBDB80085EEF8 /* Debug */,
				581E23532C9BBDB80085EEF8 /* Release */,
			);
			defaultConfigurationIsVisible = 0;
			defaultConfigurationName = Release;
		};
		581E23542C9BBDB80085EEF8 /* Build configuration list for PBXNativeTarget "LaskNewsUITests" */ = {
			isa = XCConfigurationList;
			buildConfigurations = (
				581E23552C9BBDB80085EEF8 /* Debug */,
				581E23562C9BBDB80085EEF8 /* Release */,
			);
			defaultConfigurationIsVisible = 0;
			defaultConfigurationName = Release;
		};
/* End XCConfigurationList section */

/* Begin XCRemoteSwiftPackageReference section */
		581E23922C9C708D0085EEF8 /* XCRemoteSwiftPackageReference "Alamofire" */ = {
			isa = XCRemoteSwiftPackageReference;
			repositoryURL = "https://github.com/Alamofire/Alamofire.git";
			requirement = {
				kind = upToNextMajorVersion;
				minimumVersion = 5.9.1;
			};
		};
		582C94842CA1CBA800706C62 /* XCRemoteSwiftPackageReference "SDWebImageSwiftUI" */ = {
			isa = XCRemoteSwiftPackageReference;
			repositoryURL = "https://github.com/SDWebImage/SDWebImageSwiftUI";
			requirement = {
				kind = upToNextMajorVersion;
				minimumVersion = 3.1.2;
			};
		};
/* End XCRemoteSwiftPackageReference section */

/* Begin XCSwiftPackageProductDependency section */
		581E23932C9C708D0085EEF8 /* Alamofire */ = {
			isa = XCSwiftPackageProductDependency;
			package = 581E23922C9C708D0085EEF8 /* XCRemoteSwiftPackageReference "Alamofire" */;
			productName = Alamofire;
		};
		582C94852CA1CBA800706C62 /* SDWebImageSwiftUI */ = {
			isa = XCSwiftPackageProductDependency;
			package = 582C94842CA1CBA800706C62 /* XCRemoteSwiftPackageReference "SDWebImageSwiftUI" */;
			productName = SDWebImageSwiftUI;
		};
/* End XCSwiftPackageProductDependency section */
	};
	rootObject = 581E23222C9BBDB70085EEF8 /* Project object */;
}
